// !$*UTF8*$!
{
	archiveVersion = 1;
	classes = {
	};
	objectVersion = 56;
	objects = {

/* Begin PBXBuildFile section */
		FDBF44582BA9D8E8001405C2 /* SelectRoomTypeTableViewController.swift in Sources */ = {isa = PBXBuildFile; fileRef = FDBF44572BA9D8E8001405C2 /* SelectRoomTypeTableViewController.swift */; };
		FDBF445A2BA9E888001405C2 /* RegistrationTableViewController.swift in Sources */ = {isa = PBXBuildFile; fileRef = FDBF44592BA9E888001405C2 /* RegistrationTableViewController.swift */; };
		FDCB4F872BA882DB0096005E /* AppDelegate.swift in Sources */ = {isa = PBXBuildFile; fileRef = FDCB4F862BA882DB0096005E /* AppDelegate.swift */; };
		FDCB4F892BA882DB0096005E /* SceneDelegate.swift in Sources */ = {isa = PBXBuildFile; fileRef = FDCB4F882BA882DB0096005E /* SceneDelegate.swift */; };
		FDCB4F8E2BA882DB0096005E /* Main.storyboard in Resources */ = {isa = PBXBuildFile; fileRef = FDCB4F8C2BA882DB0096005E /* Main.storyboard */; };
		FDCB4F902BA882DC0096005E /* Assets.xcassets in Resources */ = {isa = PBXBuildFile; fileRef = FDCB4F8F2BA882DC0096005E /* Assets.xcassets */; };
		FDCB4F932BA882DC0096005E /* LaunchScreen.storyboard in Resources */ = {isa = PBXBuildFile; fileRef = FDCB4F912BA882DC0096005E /* LaunchScreen.storyboard */; };
		FDCB4F9B2BA883530096005E /* Registration.swift in Sources */ = {isa = PBXBuildFile; fileRef = FDCB4F9A2BA883530096005E /* Registration.swift */; };
		FDCB4F9D2BA883BC0096005E /* RoomType.swift in Sources */ = {isa = PBXBuildFile; fileRef = FDCB4F9C2BA883BC0096005E /* RoomType.swift */; };
		FDCB4F9F2BA885580096005E /* AddRegistrationTableViewController.swift in Sources */ = {isa = PBXBuildFile; fileRef = FDCB4F9E2BA885580096005E /* AddRegistrationTableViewController.swift */; };
/* End PBXBuildFile section */

/* Begin PBXFileReference section */
		FDBF44572BA9D8E8001405C2 /* SelectRoomTypeTableViewController.swift */ = {isa = PBXFileReference; lastKnownFileType = sourcecode.swift; path = SelectRoomTypeTableViewController.swift; sourceTree = "<group>"; };
		FDBF44592BA9E888001405C2 /* RegistrationTableViewController.swift */ = {isa = PBXFileReference; lastKnownFileType = sourcecode.swift; path = RegistrationTableViewController.swift; sourceTree = "<group>"; };
		FDCB4F832BA882DB0096005E /* HotelCodable.app */ = {isa = PBXFileReference; explicitFileType = wrapper.application; includeInIndex = 0; path = HotelCodable.app; sourceTree = BUILT_PRODUCTS_DIR; };
		FDCB4F862BA882DB0096005E /* AppDelegate.swift */ = {isa = PBXFileReference; lastKnownFileType = sourcecode.swift; path = AppDelegate.swift; sourceTree = "<group>"; };
		FDCB4F882BA882DB0096005E /* SceneDelegate.swift */ = {isa = PBXFileReference; lastKnownFileType = sourcecode.swift; path = SceneDelegate.swift; sourceTree = "<group>"; };
		FDCB4F8D2BA882DB0096005E /* Base */ = {isa = PBXFileReference; lastKnownFileType = file.storyboard; name = Base; path = Base.lproj/Main.storyboard; sourceTree = "<group>"; };
		FDCB4F8F2BA882DC0096005E /* Assets.xcassets */ = {isa = PBXFileReference; lastKnownFileType = folder.assetcatalog; path = Assets.xcassets; sourceTree = "<group>"; };
		FDCB4F922BA882DC0096005E /* Base */ = {isa = PBXFileReference; lastKnownFileType = file.storyboard; name = Base; path = Base.lproj/LaunchScreen.storyboard; sourceTree = "<group>"; };
		FDCB4F942BA882DC0096005E /* Info.plist */ = {isa = PBXFileReference; lastKnownFileType = text.plist.xml; path = Info.plist; sourceTree = "<group>"; };
		FDCB4F9A2BA883530096005E /* Registration.swift */ = {isa = PBXFileReference; lastKnownFileType = sourcecode.swift; path = Registration.swift; sourceTree = "<group>"; };
		FDCB4F9C2BA883BC0096005E /* RoomType.swift */ = {isa = PBXFileReference; lastKnownFileType = sourcecode.swift; path = RoomType.swift; sourceTree = "<group>"; };
		FDCB4F9E2BA885580096005E /* AddRegistrationTableViewController.swift */ = {isa = PBXFileReference; lastKnownFileType = sourcecode.swift; path = AddRegistrationTableViewController.swift; sourceTree = "<group>"; };
/* End PBXFileReference section */

/* Begin PBXFrameworksBuildPhase section */
		FDCB4F802BA882DB0096005E /* Frameworks */ = {
			isa = PBXFrameworksBuildPhase;
			buildActionMask = 2147483647;
			files = (
			);
			runOnlyForDeploymentPostprocessing = 0;
		};
/* End PBXFrameworksBuildPhase section */

/* Begin PBXGroup section */
		FDCB4F7A2BA882DB0096005E = {
			isa = PBXGroup;
			children = (
				FDCB4F852BA882DB0096005E /* HotelCodable */,
				FDCB4F842BA882DB0096005E /* Products */,
			);
			sourceTree = "<group>";
		};
		FDCB4F842BA882DB0096005E /* Products */ = {
			isa = PBXGroup;
			children = (
				FDCB4F832BA882DB0096005E /* HotelCodable.app */,
			);
			name = Products;
			sourceTree = "<group>";
		};
		FDCB4F852BA882DB0096005E /* HotelCodable */ = {
			isa = PBXGroup;
			children = (
				FDCB4F862BA882DB0096005E /* AppDelegate.swift */,
				FDCB4F882BA882DB0096005E /* SceneDelegate.swift */,
				FDCB4F8C2BA882DB0096005E /* Main.storyboard */,
				FDBF44572BA9D8E8001405C2 /* SelectRoomTypeTableViewController.swift */,
				FDCB4F9E2BA885580096005E /* AddRegistrationTableViewController.swift */,
				FDBF44592BA9E888001405C2 /* RegistrationTableViewController.swift */,
				FDCB4F9A2BA883530096005E /* Registration.swift */,
				FDCB4F9C2BA883BC0096005E /* RoomType.swift */,
				FDCB4F8F2BA882DC0096005E /* Assets.xcassets */,
				FDCB4F912BA882DC0096005E /* LaunchScreen.storyboard */,
				FDCB4F942BA882DC0096005E /* Info.plist */,
			);
			path = HotelCodable;
			sourceTree = "<group>";
		};
/* End PBXGroup section */

/* Begin PBXNativeTarget section */
		FDCB4F822BA882DB0096005E /* HotelCodable */ = {
			isa = PBXNativeTarget;
			buildConfigurationList = FDCB4F972BA882DC0096005E /* Build configuration list for PBXNativeTarget "HotelCodable" */;
			buildPhases = (
				FDCB4F7F2BA882DB0096005E /* Sources */,
				FDCB4F802BA882DB0096005E /* Frameworks */,
				FDCB4F812BA882DB0096005E /* Resources */,
			);
			buildRules = (
			);
			dependencies = (
			);
			name = HotelCodable;
			productName = HotelCodable;
			productReference = FDCB4F832BA882DB0096005E /* HotelCodable.app */;
			productType = "com.apple.product-type.application";
		};
/* End PBXNativeTarget section */

/* Begin PBXProject section */
		FDCB4F7B2BA882DB0096005E /* Project object */ = {
			isa = PBXProject;
			attributes = {
				BuildIndependentTargetsInParallel = 1;
				LastSwiftUpdateCheck = 1520;
				LastUpgradeCheck = 1520;
				TargetAttributes = {
					FDCB4F822BA882DB0096005E = {
						CreatedOnToolsVersion = 15.2;
					};
				};
			};
			buildConfigurationList = FDCB4F7E2BA882DB0096005E /* Build configuration list for PBXProject "HotelCodable" */;
			compatibilityVersion = "Xcode 14.0";
			developmentRegion = en;
			hasScannedForEncodings = 0;
			knownRegions = (
				en,
				Base,
			);
			mainGroup = FDCB4F7A2BA882DB0096005E;
			productRefGroup = FDCB4F842BA882DB0096005E /* Products */;
			projectDirPath = "";
			projectRoot = "";
			targets = (
				FDCB4F822BA882DB0096005E /* HotelCodable */,
			);
		};
/* End PBXProject section */

/* Begin PBXResourcesBuildPhase section */
		FDCB4F812BA882DB0096005E /* Resources */ = {
			isa = PBXResourcesBuildPhase;
			buildActionMask = 2147483647;
			files = (
				FDCB4F932BA882DC0096005E /* LaunchScreen.storyboard in Resources */,
				FDCB4F902BA882DC0096005E /* Assets.xcassets in Resources */,
				FDCB4F8E2BA882DB0096005E /* Main.storyboard in Resources */,
			);
			runOnlyForDeploymentPostprocessing = 0;
		};
/* End PBXResourcesBuildPhase section */

/* Begin PBXSourcesBuildPhase section */
		FDCB4F7F2BA882DB0096005E /* Sources */ = {
			isa = PBXSourcesBuildPhase;
			buildActionMask = 2147483647;
			files = (
				FDBF44582BA9D8E8001405C2 /* SelectRoomTypeTableViewController.swift in Sources */,
				FDCB4F9D2BA883BC0096005E /* RoomType.swift in Sources */,
				FDCB4F9F2BA885580096005E /* AddRegistrationTableViewController.swift in Sources */,
				FDCB4F872BA882DB0096005E /* AppDelegate.swift in Sources */,
				FDCB4F9B2BA883530096005E /* Registration.swift in Sources */,
				FDCB4F892BA882DB0096005E /* SceneDelegate.swift in Sources */,
				FDBF445A2BA9E888001405C2 /* RegistrationTableViewController.swift in Sources */,
			);
			runOnlyForDeploymentPostprocessing = 0;
		};
/* End PBXSourcesBuildPhase section */

/* Begin PBXVariantGroup section */
		FDCB4F8C2BA882DB0096005E /* Main.storyboard */ = {
			isa = PBXVariantGroup;
			children = (
				FDCB4F8D2BA882DB0096005E /* Base */,
			);
			name = Main.storyboard;
			sourceTree = "<group>";
		};
		FDCB4F912BA882DC0096005E /* LaunchScreen.storyboard */ = {
			isa = PBXVariantGroup;
			children = (
				FDCB4F922BA882DC0096005E /* Base */,
			);
			name = LaunchScreen.storyboard;
			sourceTree = "<group>";
		};
/* End PBXVariantGroup section */

/* Begin XCBuildConfiguration section */
		FDCB4F952BA882DC0096005E /* Debug */ = {
			isa = XCBuildConfiguration;
			buildSettings = {
				ALWAYS_SEARCH_USER_PATHS = NO;
				ASSETCATALOG_COMPILER_GENERATE_SWIFT_ASSET_SYMBOL_EXTENSIONS = YES;
				CLANG_ANALYZER_NONNULL = YES;
				CLANG_ANALYZER_NUMBER_OBJECT_CONVERSION = YES_AGGRESSIVE;
				CLANG_CXX_LANGUAGE_STANDARD = "gnu++20";
				CLANG_ENABLE_MODULES = YES;
				CLANG_ENABLE_OBJC_ARC = YES;
				CLANG_ENABLE_OBJC_WEAK = YES;
				CLANG_WARN_BLOCK_CAPTURE_AUTORELEASING = YES;
				CLANG_WARN_BOOL_CONVERSION = YES;
				CLANG_WARN_COMMA = YES;
				CLANG_WARN_CONSTANT_CONVERSION = YES;
				CLANG_WARN_DEPRECATED_OBJC_IMPLEMENTATIONS = YES;
				CLANG_WARN_DIRECT_OBJC_ISA_USAGE = YES_ERROR;
				CLANG_WARN_DOCUMENTATION_COMMENTS = YES;
				CLANG_WARN_EMPTY_BODY = YES;
				CLANG_WARN_ENUM_CONVERSION = YES;
				CLANG_WARN_INFINITE_RECURSION = YES;
				CLANG_WARN_INT_CONVERSION = YES;
				CLANG_WARN_NON_LITERAL_NULL_CONVERSION = YES;
				CLANG_WARN_OBJC_IMPLICIT_RETAIN_SELF = YES;
				CLANG_WARN_OBJC_LITERAL_CONVERSION = YES;
				CLANG_WARN_OBJC_ROOT_CLASS = YES_ERROR;
				CLANG_WARN_QUOTED_INCLUDE_IN_FRAMEWORK_HEADER = YES;
				CLANG_WARN_RANGE_LOOP_ANALYSIS = YES;
				CLANG_WARN_STRICT_PROTOTYPES = YES;
				CLANG_WARN_SUSPICIOUS_MOVE = YES;
				CLANG_WARN_UNGUARDED_AVAILABILITY = YES_AGGRESSIVE;
				CLANG_WARN_UNREACHABLE_CODE = YES;
				CLANG_WARN__DUPLICATE_METHOD_MATCH = YES;
				COPY_PHASE_STRIP = NO;
				DEBUG_INFORMATION_FORMAT = dwarf;
				ENABLE_STRICT_OBJC_MSGSEND = YES;
				ENABLE_TESTABILITY = YES;
				ENABLE_USER_SCRIPT_SANDBOXING = YES;
				GCC_C_LANGUAGE_STANDARD = gnu17;
				GCC_DYNAMIC_NO_PIC = NO;
				GCC_NO_COMMON_BLOCKS = YES;
				GCC_OPTIMIZATION_LEVEL = 0;
				GCC_PREPROCESSOR_DEFINITIONS = (
					"DEBUG=1",
					"$(inherited)",
				);
				GCC_WARN_64_TO_32_BIT_CONVERSION = YES;
				GCC_WARN_ABOUT_RETURN_TYPE = YES_ERROR;
				GCC_WARN_UNDECLARED_SELECTOR = YES;
				GCC_WARN_UNINITIALIZED_AUTOS = YES_AGGRESSIVE;
				GCC_WARN_UNUSED_FUNCTION = YES;
				GCC_WARN_UNUSED_VARIABLE = YES;
				IPHONEOS_DEPLOYMENT_TARGET = 17.2;
				LOCALIZATION_PREFERS_STRING_CATALOGS = YES;
				MTL_ENABLE_DEBUG_INFO = INCLUDE_SOURCE;
				MTL_FAST_MATH = YES;
				ONLY_ACTIVE_ARCH = YES;
				SDKROOT = iphoneos;
				SWIFT_ACTIVE_COMPILATION_CONDITIONS = "DEBUG $(inherited)";
				SWIFT_OPTIMIZATION_LEVEL = "-Onone";
			};
			name = Debug;
		};
		FDCB4F962BA882DC0096005E /* Release */ = {
			isa = XCBuildConfiguration;
			buildSettings = {
				ALWAYS_SEARCH_USER_PATHS = NO;
				ASSETCATALOG_COMPILER_GENERATE_SWIFT_ASSET_SYMBOL_EXTENSIONS = YES;
				CLANG_ANALYZER_NONNULL = YES;
				CLANG_ANALYZER_NUMBER_OBJECT_CONVERSION = YES_AGGRESSIVE;
				CLANG_CXX_LANGUAGE_STANDARD = "gnu++20";
				CLANG_ENABLE_MODULES = YES;
				CLANG_ENABLE_OBJC_ARC = YES;
				CLANG_ENABLE_OBJC_WEAK = YES;
				CLANG_WARN_BLOCK_CAPTURE_AUTORELEASING = YES;
				CLANG_WARN_BOOL_CONVERSION = YES;
				CLANG_WARN_COMMA = YES;
				CLANG_WARN_CONSTANT_CONVERSION = YES;
				CLANG_WARN_DEPRECATED_OBJC_IMPLEMENTATIONS = YES;
				CLANG_WARN_DIRECT_OBJC_ISA_USAGE = YES_ERROR;
				CLANG_WARN_DOCUMENTATION_COMMENTS = YES;
				CLANG_WARN_EMPTY_BODY = YES;
				CLANG_WARN_ENUM_CONVERSION = YES;
				CLANG_WARN_INFINITE_RECURSION = YES;
				CLANG_WARN_INT_CONVERSION = YES;
				CLANG_WARN_NON_LITERAL_NULL_CONVERSION = YES;
				CLANG_WARN_OBJC_IMPLICIT_RETAIN_SELF = YES;
				CLANG_WARN_OBJC_LITERAL_CONVERSION = YES;
				CLANG_WARN_OBJC_ROOT_CLASS = YES_ERROR;
				CLANG_WARN_QUOTED_INCLUDE_IN_FRAMEWORK_HEADER = YES;
				CLANG_WARN_RANGE_LOOP_ANALYSIS = YES;
				CLANG_WARN_STRICT_PROTOTYPES = YES;
				CLANG_WARN_SUSPICIOUS_MOVE = YES;
				CLANG_WARN_UNGUARDED_AVAILABILITY = YES_AGGRESSIVE;
				CLANG_WARN_UNREACHABLE_CODE = YES;
				CLANG_WARN__DUPLICATE_METHOD_MATCH = YES;
				COPY_PHASE_STRIP = NO;
				DEBUG_INFORMATION_FORMAT = "dwarf-with-dsym";
				ENABLE_NS_ASSERTIONS = NO;
				ENABLE_STRICT_OBJC_MSGSEND = YES;
				ENABLE_USER_SCRIPT_SANDBOXING = YES;
				GCC_C_LANGUAGE_STANDARD = gnu17;
				GCC_NO_COMMON_BLOCKS = YES;
				GCC_WARN_64_TO_32_BIT_CONVERSION = YES;
				GCC_WARN_ABOUT_RETURN_TYPE = YES_ERROR;
				GCC_WARN_UNDECLARED_SELECTOR = YES;
				GCC_WARN_UNINITIALIZED_AUTOS = YES_AGGRESSIVE;
				GCC_WARN_UNUSED_FUNCTION = YES;
				GCC_WARN_UNUSED_VARIABLE = YES;
				IPHONEOS_DEPLOYMENT_TARGET = 17.2;
				LOCALIZATION_PREFERS_STRING_CATALOGS = YES;
				MTL_ENABLE_DEBUG_INFO = NO;
				MTL_FAST_MATH = YES;
				SDKROOT = iphoneos;
				SWIFT_COMPILATION_MODE = wholemodule;
				VALIDATE_PRODUCT = YES;
			};
			name = Release;
		};
		FDCB4F982BA882DC0096005E /* Debug */ = {
			isa = XCBuildConfiguration;
			buildSettings = {
				ASSETCATALOG_COMPILER_APPICON_NAME = AppIcon;
				ASSETCATALOG_COMPILER_GLOBAL_ACCENT_COLOR_NAME = AccentColor;
				CODE_SIGN_STYLE = Automatic;
				CURRENT_PROJECT_VERSION = 1;
				DEVELOPMENT_TEAM = 85Q729JR8Z;
				GENERATE_INFOPLIST_FILE = YES;
				INFOPLIST_FILE = HotelCodable/Info.plist;
				INFOPLIST_KEY_UIApplicationSupportsIndirectInputEvents = YES;
				INFOPLIST_KEY_UILaunchStoryboardName = LaunchScreen;
				INFOPLIST_KEY_UIMainStoryboardFile = Main;
				INFOPLIST_KEY_UISupportedInterfaceOrientations_iPad = "UIInterfaceOrientationPortrait UIInterfaceOrientationPortraitUpsideDown UIInterfaceOrientationLandscapeLeft UIInterfaceOrientationLandscapeRight";
				INFOPLIST_KEY_UISupportedInterfaceOrientations_iPhone = "UIInterfaceOrientationPortrait UIInterfaceOrientationLandscapeLeft UIInterfaceOrientationLandscapeRight";
				LD_RUNPATH_SEARCH_PATHS = (
					"$(inherited)",
					"@executable_path/Frameworks",
				);
				MARKETING_VERSION = 1.0;
				PRODUCT_BUNDLE_IDENTIFIER = com.stengel.HotelCodable;
				PRODUCT_NAME = "$(TARGET_NAME)";
				SWIFT_EMIT_LOC_STRINGS = YES;
				SWIFT_VERSION = 5.0;
				TARGETED_DEVICE_FAMILY = "1,2";
			};
			name = Debug;
		};
		FDCB4F992BA882DC0096005E /* Release */ = {
			isa = XCBuildConfiguration;
			buildSettings = {
				ASSETCATALOG_COMPILER_APPICON_NAME = AppIcon;
				ASSETCATALOG_COMPILER_GLOBAL_ACCENT_COLOR_NAME = AccentColor;
				CODE_SIGN_STYLE = Automatic;
				CURRENT_PROJECT_VERSION = 1;
				DEVELOPMENT_TEAM = 85Q729JR8Z;
				GENERATE_INFOPLIST_FILE = YES;
				INFOPLIST_FILE = HotelCodable/Info.plist;
				INFOPLIST_KEY_UIApplicationSupportsIndirectInputEvents = YES;
				INFOPLIST_KEY_UILaunchStoryboardName = LaunchScreen;
				INFOPLIST_KEY_UIMainStoryboardFile = Main;
				INFOPLIST_KEY_UISupportedInterfaceOrientations_iPad = "UIInterfaceOrientationPortrait UIInterfaceOrientationPortraitUpsideDown UIInterfaceOrientationLandscapeLeft UIInterfaceOrientationLandscapeRight";
				INFOPLIST_KEY_UISupportedInterfaceOrientations_iPhone = "UIInterfaceOrientationPortrait UIInterfaceOrientationLandscapeLeft UIInterfaceOrientationLandscapeRight";
				LD_RUNPATH_SEARCH_PATHS = (
					"$(inherited)",
					"@executable_path/Frameworks",
				);
				MARKETING_VERSION = 1.0;
				PRODUCT_BUNDLE_IDENTIFIER = com.stengel.HotelCodable;
				PRODUCT_NAME = "$(TARGET_NAME)";
				SWIFT_EMIT_LOC_STRINGS = YES;
				SWIFT_VERSION = 5.0;
				TARGETED_DEVICE_FAMILY = "1,2";
			};
			name = Release;
		};
/* End XCBuildConfiguration section */

/* Begin XCConfigurationList section */
		FDCB4F7E2BA882DB0096005E /* Build configuration list for PBXProject "HotelCodable" */ = {
			isa = XCConfigurationList;
			buildConfigurations = (
				FDCB4F952BA882DC0096005E /* Debug */,
				FDCB4F962BA882DC0096005E /* Release */,
			);
			defaultConfigurationIsVisible = 0;
			defaultConfigurationName = Release;
		};
		FDCB4F972BA882DC0096005E /* Build configuration list for PBXNativeTarget "HotelCodable" */ = {
			isa = XCConfigurationList;
			buildConfigurations = (
				FDCB4F982BA882DC0096005E /* Debug */,
				FDCB4F992BA882DC0096005E /* Release */,
			);
			defaultConfigurationIsVisible = 0;
			defaultConfigurationName = Release;
		};
/* End XCConfigurationList section */
	};
	rootObject = FDCB4F7B2BA882DB0096005E /* Project object */;
}
